// !$*UTF8*$!
{
	archiveVersion = 1;
	classes = {
	};
	objectVersion = 77;
	objects = {

/* Begin PBXBuildFile section */
		A36BBD9D2F842D0A00EA56FC /* DE_cities.json in Resources */ = {isa = PBXBuildFile; fileRef = A36BBD9C2F842D0A00EA56FC /* DE_cities.json */; };
		A36BBD9E2F842D0A00EA56FC /* DE_cities.json in Resources */ = {isa = PBXBuildFile; fileRef = A36BBD9C2F842D0A00EA56FC /* DE_cities.json */; };
		A3700E1F2F61A949004CB90A /* WidgetKit.framework in Frameworks */ = {isa = PBXBuildFile; fileRef = A339B8532F6065A800CE024F /* WidgetKit.framework */; };
		A3700E202F61A949004CB90A /* SwiftUI.framework in Frameworks */ = {isa = PBXBuildFile; fileRef = A339B8552F6065A800CE024F /* SwiftUI.framework */; };
		A3700E312F61A94A004CB90A /* PrayerTimesWidgetExtension.appex in Embed Foundation Extensions */ = {isa = PBXBuildFile; fileRef = A3700E1E2F61A949004CB90A /* PrayerTimesWidgetExtension.appex */; settings = {ATTRIBUTES = (RemoveHeadersOnCopy, ); }; };
/* End PBXBuildFile section */

/* Begin PBXContainerItemProxy section */
		A3700E2F2F61A94A004CB90A /* PBXContainerItemProxy */ = {
			isa = PBXContainerItemProxy;
			containerPortal = A34DD1242F5F104800172E56 /* Project object */;
			proxyType = 1;
			remoteGlobalIDString = A3700E1D2F61A949004CB90A;
			remoteInfo = PrayerTimesWidgetStructureExtension;
		};
/* End PBXContainerItemProxy section */

/* Begin PBXCopyFilesBuildPhase section */
		A339B86C2F6065A900CE024F /* Embed Foundation Extensions */ = {
			isa = PBXCopyFilesBuildPhase;
			buildActionMask = 2147483647;
			dstPath = "";
			dstSubfolderSpec = 13;
			files = (
				A3700E312F61A94A004CB90A /* PrayerTimesWidgetExtension.appex in Embed Foundation Extensions */,
			);
			name = "Embed Foundation Extensions";
			runOnlyForDeploymentPostprocessing = 0;
		};
/* End PBXCopyFilesBuildPhase section */

/* Begin PBXFileReference section */
		A339B8532F6065A800CE024F /* WidgetKit.framework */ = {isa = PBXFileReference; lastKnownFileType = wrapper.framework; name = WidgetKit.framework; path = System/Library/Frameworks/WidgetKit.framework; sourceTree = SDKROOT; };
		A339B8552F6065A800CE024F /* SwiftUI.framework */ = {isa = PBXFileReference; lastKnownFileType = wrapper.framework; name = SwiftUI.framework; path = System/Library/Frameworks/SwiftUI.framework; sourceTree = SDKROOT; };
		A34DD12C2F5F104800172E56 /* PrayerTimesMain.app */ = {isa = PBXFileReference; explicitFileType = wrapper.application; includeInIndex = 0; path = PrayerTimesMain.app; sourceTree = BUILT_PRODUCTS_DIR; };
		A36BBD9C2F842D0A00EA56FC /* DE_cities.json */ = {isa = PBXFileReference; lastKnownFileType = text.json; path = DE_cities.json; sourceTree = "<group>"; };
		A3700E1E2F61A949004CB90A /* PrayerTimesWidgetExtension.appex */ = {isa = PBXFileReference; explicitFileType = "wrapper.app-extension"; includeInIndex = 0; path = PrayerTimesWidgetExtension.appex; sourceTree = BUILT_PRODUCTS_DIR; };
		A3700EC82F61D18F004CB90A /* PrayerTimesWidgetExtension.entitlements */ = {isa = PBXFileReference; lastKnownFileType = text.plist.entitlements; path = PrayerTimesWidgetExtension.entitlements; sourceTree = "<group>"; };
/* End PBXFileReference section */

/* Begin PBXFileSystemSynchronizedBuildFileExceptionSet section */
		A3700E612F61ACF8004CB90A /* Exceptions for "PrayerTimesMain" folder in "PrayerTimesWidgetExtension" target */ = {
			isa = PBXFileSystemSynchronizedBuildFileExceptionSet;
			membershipExceptions = (
				CityPicker/CityInputMode.swift,
				CityPicker/CityItem.swift,
				CityPicker/CityLoader.swift,
				CityPicker/CityPickerView.swift,
				CityPicker/CityPickerViewModel.swift,
				CountryPicker/CalledCityResolver.swift,
				CountryPicker/CountryModell.swift,
				CountryPicker/CountryPickerView.swift,
				CountryPicker/PrayerLocationPickerViewModel.swift,
				Models/AlAdhanModels.swift,
				Models/PrayerTimesCache.swift,
				Services/PrayerTimesService.swift,
				Shared/AppGroup.swift,
				Shared/Modells/AutoPrayerSettings.swift,
				Shared/Modells/PrayerCalculationMethod.swift,
				Shared/PrayerCachePolicy.swift,
				Shared/PrayerSettings.swift,
				Shared/PrayerTimes.swift,
				Shared/PrayerTimesMapper.swift,
				Shared/RefreshStats.swift,
				Shared/RefreshStatsStore.swift,
				Shared/SharedPrayerCacheRefresher.swift,
				Shared/SharedPrayerSettingsStore.swift,
				Shared/SharedPrayerTimesStore.swift,
			);
			target = A3700E1D2F61A949004CB90A /* PrayerTimesWidgetExtension */;
		};
		A3700E7A2F61BBF3004CB90A /* Exceptions for "PrayerTimesWidget" folder in "PrayerTimesWidgetExtension" target */ = {
			isa = PBXFileSystemSynchronizedBuildFileExceptionSet;
			membershipExceptions = (
				Assets.xcassets,
				Info.plist,
			);
			target = A3700E1D2F61A949004CB90A /* PrayerTimesWidgetExtension */;
		};
		A382BA002F75EF9C00E5A200 /* Exceptions for "PrayerTimesMain" folder in "PrayerTimesMain" target */ = {
			isa = PBXFileSystemSynchronizedBuildFileExceptionSet;
			membershipExceptions = (
				Info.plist,
			);
			target = A34DD12B2F5F104800172E56 /* PrayerTimesMain */;
		};
/* End PBXFileSystemSynchronizedBuildFileExceptionSet section */

/* Begin PBXFileSystemSynchronizedRootGroup section */
		A34DD12E2F5F104800172E56 /* PrayerTimesMain */ = {
			isa = PBXFileSystemSynchronizedRootGroup;
			exceptions = (
				A382BA002F75EF9C00E5A200 /* Exceptions for "PrayerTimesMain" folder in "PrayerTimesMain" target */,
				A3700E612F61ACF8004CB90A /* Exceptions for "PrayerTimesMain" folder in "PrayerTimesWidgetExtension" target */,
			);
			path = PrayerTimesMain;
			sourceTree = "<group>";
		};
		A3700E3D2F61AA42004CB90A /* PrayerTimesWidget */ = {
			isa = PBXFileSystemSynchronizedRootGroup;
			exceptions = (
				A3700E7A2F61BBF3004CB90A /* Exceptions for "PrayerTimesWidget" folder in "PrayerTimesWidgetExtension" target */,
			);
			path = PrayerTimesWidget;
			sourceTree = "<group>";
		};
/* End PBXFileSystemSynchronizedRootGroup section */

/* Begin PBXFrameworksBuildPhase section */
		A34DD1292F5F104800172E56 /* Frameworks */ = {
			isa = PBXFrameworksBuildPhase;
			buildActionMask = 2147483647;
			files = (
			);
			runOnlyForDeploymentPostprocessing = 0;
		};
		A3700E1B2F61A949004CB90A /* Frameworks */ = {
			isa = PBXFrameworksBuildPhase;
			buildActionMask = 2147483647;
			files = (
				A3700E202F61A949004CB90A /* SwiftUI.framework in Frameworks */,
				A3700E1F2F61A949004CB90A /* WidgetKit.framework in Frameworks */,
			);
			runOnlyForDeploymentPostprocessing = 0;
		};
/* End PBXFrameworksBuildPhase section */

/* Begin PBXGroup section */
		A339B8522F6065A800CE024F /* Frameworks */ = {
			isa = PBXGroup;
			children = (
				A339B8532F6065A800CE024F /* WidgetKit.framework */,
				A339B8552F6065A800CE024F /* SwiftUI.framework */,
			);
			name = Frameworks;
			sourceTree = "<group>";
		};
		A34DD1232F5F104800172E56 = {
			isa = PBXGroup;
			children = (
				A3700EC82F61D18F004CB90A /* PrayerTimesWidgetExtension.entitlements */,
				A34DD12E2F5F104800172E56 /* PrayerTimesMain */,
				A3700E3D2F61AA42004CB90A /* PrayerTimesWidget */,
				A339B8522F6065A800CE024F /* Frameworks */,
				A34DD12D2F5F104800172E56 /* Products */,
				A36BBD9C2F842D0A00EA56FC /* DE_cities.json */,
			);
			sourceTree = "<group>";
		};
		A34DD12D2F5F104800172E56 /* Products */ = {
			isa = PBXGroup;
			children = (
				A34DD12C2F5F104800172E56 /* PrayerTimesMain.app */,
				A3700E1E2F61A949004CB90A /* PrayerTimesWidgetExtension.appex */,
			);
			name = Products;
			sourceTree = "<group>";
		};
/* End PBXGroup section */

/* Begin PBXNativeTarget section */
		A34DD12B2F5F104800172E56 /* PrayerTimesMain */ = {
			isa = PBXNativeTarget;
			buildConfigurationList = A34DD1372F5F104900172E56 /* Build configuration list for PBXNativeTarget "PrayerTimesMain" */;
			buildPhases = (
				A34DD1282F5F104800172E56 /* Sources */,
				A34DD1292F5F104800172E56 /* Frameworks */,
				A34DD12A2F5F104800172E56 /* Resources */,
				A339B86C2F6065A900CE024F /* Embed Foundation Extensions */,
			);
			buildRules = (
			);
			dependencies = (
				A3700E302F61A94A004CB90A /* PBXTargetDependency */,
			);
			fileSystemSynchronizedGroups = (
				A34DD12E2F5F104800172E56 /* PrayerTimesMain */,
			);
			name = PrayerTimesMain;
			packageProductDependencies = (
			);
			productName = PrayerTimesWidget;
			productReference = A34DD12C2F5F104800172E56 /* PrayerTimesMain.app */;
			productType = "com.apple.product-type.application";
		};
		A3700E1D2F61A949004CB90A /* PrayerTimesWidgetExtension */ = {
			isa = PBXNativeTarget;
			buildConfigurationList = A3700E332F61A94A004CB90A /* Build configuration list for PBXNativeTarget "PrayerTimesWidgetExtension" */;
			buildPhases = (
				A3700E1A2F61A949004CB90A /* Sources */,
				A3700E1B2F61A949004CB90A /* Frameworks */,
				A3700E1C2F61A949004CB90A /* Resources */,
			);
			buildRules = (
			);
			dependencies = (
			);
			fileSystemSynchronizedGroups = (
				A3700E3D2F61AA42004CB90A /* PrayerTimesWidget */,
			);
			name = PrayerTimesWidgetExtension;
			packageProductDependencies = (
			);
			productName = PrayerTimesWidgetStructureExtension;
			productReference = A3700E1E2F61A949004CB90A /* PrayerTimesWidgetExtension.appex */;
			productType = "com.apple.product-type.app-extension";
		};
/* End PBXNativeTarget section */

/* Begin PBXProject section */
		A34DD1242F5F104800172E56 /* Project object */ = {
			isa = PBXProject;
			attributes = {
				BuildIndependentTargetsInParallel = 1;
				LastSwiftUpdateCheck = 2630;
				LastUpgradeCheck = 2630;
				TargetAttributes = {
					A34DD12B2F5F104800172E56 = {
						CreatedOnToolsVersion = 26.3;
					};
					A3700E1D2F61A949004CB90A = {
						CreatedOnToolsVersion = 26.3;
					};
				};
			};
			buildConfigurationList = A34DD1272F5F104800172E56 /* Build configuration list for PBXProject "PrayerTimes" */;
			developmentRegion = en;
			hasScannedForEncodings = 0;
			knownRegions = (
				en,
				Base,
			);
			mainGroup = A34DD1232F5F104800172E56;
			minimizedProjectReferenceProxies = 1;
			preferredProjectObjectVersion = 77;
			productRefGroup = A34DD12D2F5F104800172E56 /* Products */;
			projectDirPath = "";
			projectRoot = "";
			targets = (
				A34DD12B2F5F104800172E56 /* PrayerTimesMain */,
				A3700E1D2F61A949004CB90A /* PrayerTimesWidgetExtension */,
			);
		};
/* End PBXProject section */

/* Begin PBXResourcesBuildPhase section */
		A34DD12A2F5F104800172E56 /* Resources */ = {
			isa = PBXResourcesBuildPhase;
			buildActionMask = 2147483647;
			files = (
				A36BBD9D2F842D0A00EA56FC /* DE_cities.json in Resources */,
			);
			runOnlyForDeploymentPostprocessing = 0;
		};
		A3700E1C2F61A949004CB90A /* Resources */ = {
			isa = PBXResourcesBuildPhase;
			buildActionMask = 2147483647;
			files = (
				A36BBD9E2F842D0A00EA56FC /* DE_cities.json in Resources */,
			);
			runOnlyForDeploymentPostprocessing = 0;
		};
/* End PBXResourcesBuildPhase section */

/* Begin PBXSourcesBuildPhase section */
		A34DD1282F5F104800172E56 /* Sources */ = {
			isa = PBXSourcesBuildPhase;
			buildActionMask = 2147483647;
			files = (
			);
			runOnlyForDeploymentPostprocessing = 0;
		};
		A3700E1A2F61A949004CB90A /* Sources */ = {
			isa = PBXSourcesBuildPhase;
			buildActionMask = 2147483647;
			files = (
			);
			runOnlyForDeploymentPostprocessing = 0;
		};
/* End PBXSourcesBuildPhase section */

/* Begin PBXTargetDependency section */
		A3700E302F61A94A004CB90A /* PBXTargetDependency */ = {
			isa = PBXTargetDependency;
			target = A3700E1D2F61A949004CB90A /* PrayerTimesWidgetExtension */;
			targetProxy = A3700E2F2F61A94A004CB90A /* PBXContainerItemProxy */;
		};
/* End PBXTargetDependency section */

/* Begin XCBuildConfiguration section */
		A34DD1352F5F104900172E56 /* Debug */ = {
			isa = XCBuildConfiguration;
			buildSettings = {
				ALWAYS_SEARCH_USER_PATHS = NO;
				ASSETCATALOG_COMPILER_GENERATE_SWIFT_ASSET_SYMBOL_EXTENSIONS = YES;
				CLANG_ANALYZER_NONNULL = YES;
				CLANG_ANALYZER_NUMBER_OBJECT_CONVERSION = YES_AGGRESSIVE;
				CLANG_CXX_LANGUAGE_STANDARD = "gnu++20";
				CLANG_ENABLE_MODULES = YES;
				CLANG_ENABLE_OBJC_ARC = YES;
				CLANG_ENABLE_OBJC_WEAK = YES;
				CLANG_WARN_BLOCK_CAPTURE_AUTORELEASING = YES;
				CLANG_WARN_BOOL_CONVERSION = YES;
				CLANG_WARN_COMMA = YES;
				CLANG_WARN_CONSTANT_CONVERSION = YES;
				CLANG_WARN_DEPRECATED_OBJC_IMPLEMENTATIONS = YES;
				CLANG_WARN_DIRECT_OBJC_ISA_USAGE = YES_ERROR;
				CLANG_WARN_DOCUMENTATION_COMMENTS = YES;
				CLANG_WARN_EMPTY_BODY = YES;
				CLANG_WARN_ENUM_CONVERSION = YES;
				CLANG_WARN_INFINITE_RECURSION = YES;
				CLANG_WARN_INT_CONVERSION = YES;
				CLANG_WARN_NON_LITERAL_NULL_CONVERSION = YES;
				CLANG_WARN_OBJC_IMPLICIT_RETAIN_SELF = YES;
				CLANG_WARN_OBJC_LITERAL_CONVERSION = YES;
				CLANG_WARN_OBJC_ROOT_CLASS = YES_ERROR;
				CLANG_WARN_QUOTED_INCLUDE_IN_FRAMEWORK_HEADER = YES;
				CLANG_WARN_RANGE_LOOP_ANALYSIS = YES;
				CLANG_WARN_STRICT_PROTOTYPES = YES;
				CLANG_WARN_SUSPICIOUS_MOVE = YES;
				CLANG_WARN_UNGUARDED_AVAILABILITY = YES_AGGRESSIVE;
				CLANG_WARN_UNREACHABLE_CODE = YES;
				CLANG_WARN__DUPLICATE_METHOD_MATCH = YES;
				COPY_PHASE_STRIP = NO;
				DEBUG_INFORMATION_FORMAT = dwarf;
				ENABLE_STRICT_OBJC_MSGSEND = YES;
				ENABLE_TESTABILITY = YES;
				ENABLE_USER_SCRIPT_SANDBOXING = YES;
				GCC_C_LANGUAGE_STANDARD = gnu17;
				GCC_DYNAMIC_NO_PIC = NO;
				GCC_NO_COMMON_BLOCKS = YES;
				GCC_OPTIMIZATION_LEVEL = 0;
				GCC_PREPROCESSOR_DEFINITIONS = (
					"DEBUG=1",
					"$(inherited)",
				);
				GCC_WARN_64_TO_32_BIT_CONVERSION = YES;
				GCC_WARN_ABOUT_RETURN_TYPE = YES_ERROR;
				GCC_WARN_UNDECLARED_SELECTOR = YES;
				GCC_WARN_UNINITIALIZED_AUTOS = YES_AGGRESSIVE;
				GCC_WARN_UNUSED_FUNCTION = YES;
				GCC_WARN_UNUSED_VARIABLE = YES;
				IPHONEOS_DEPLOYMENT_TARGET = 26.2;
				LOCALIZATION_PREFERS_STRING_CATALOGS = YES;
				MTL_ENABLE_DEBUG_INFO = INCLUDE_SOURCE;
				MTL_FAST_MATH = YES;
				ONLY_ACTIVE_ARCH = YES;
				SDKROOT = iphoneos;
				SWIFT_ACTIVE_COMPILATION_CONDITIONS = "DEBUG $(inherited)";
				SWIFT_OPTIMIZATION_LEVEL = "-Onone";
			};
			name = Debug;
		};
		A34DD1362F5F104900172E56 /* Release */ = {
			isa = XCBuildConfiguration;
			buildSettings = {
				ALWAYS_SEARCH_USER_PATHS = NO;
				ASSETCATALOG_COMPILER_GENERATE_SWIFT_ASSET_SYMBOL_EXTENSIONS = YES;
				CLANG_ANALYZER_NONNULL = YES;
				CLANG_ANALYZER_NUMBER_OBJECT_CONVERSION = YES_AGGRESSIVE;
				CLANG_CXX_LANGUAGE_STANDARD = "gnu++20";
				CLANG_ENABLE_MODULES = YES;
				CLANG_ENABLE_OBJC_ARC = YES;
				CLANG_ENABLE_OBJC_WEAK = YES;
				CLANG_WARN_BLOCK_CAPTURE_AUTORELEASING = YES;
				CLANG_WARN_BOOL_CONVERSION = YES;
				CLANG_WARN_COMMA = YES;
				CLANG_WARN_CONSTANT_CONVERSION = YES;
				CLANG_WARN_DEPRECATED_OBJC_IMPLEMENTATIONS = YES;
				CLANG_WARN_DIRECT_OBJC_ISA_USAGE = YES_ERROR;
				CLANG_WARN_DOCUMENTATION_COMMENTS = YES;
				CLANG_WARN_EMPTY_BODY = YES;
				CLANG_WARN_ENUM_CONVERSION = YES;
				CLANG_WARN_INFINITE_RECURSION = YES;
				CLANG_WARN_INT_CONVERSION = YES;
				CLANG_WARN_NON_LITERAL_NULL_CONVERSION = YES;
				CLANG_WARN_OBJC_IMPLICIT_RETAIN_SELF = YES;
				CLANG_WARN_OBJC_LITERAL_CONVERSION = YES;
				CLANG_WARN_OBJC_ROOT_CLASS = YES_ERROR;
				CLANG_WARN_QUOTED_INCLUDE_IN_FRAMEWORK_HEADER = YES;
				CLANG_WARN_RANGE_LOOP_ANALYSIS = YES;
				CLANG_WARN_STRICT_PROTOTYPES = YES;
				CLANG_WARN_SUSPICIOUS_MOVE = YES;
				CLANG_WARN_UNGUARDED_AVAILABILITY = YES_AGGRESSIVE;
				CLANG_WARN_UNREACHABLE_CODE = YES;
				CLANG_WARN__DUPLICATE_METHOD_MATCH = YES;
				COPY_PHASE_STRIP = NO;
				DEBUG_INFORMATION_FORMAT = "dwarf-with-dsym";
				ENABLE_NS_ASSERTIONS = NO;
				ENABLE_STRICT_OBJC_MSGSEND = YES;
				ENABLE_USER_SCRIPT_SANDBOXING = YES;
				GCC_C_LANGUAGE_STANDARD = gnu17;
				GCC_NO_COMMON_BLOCKS = YES;
				GCC_WARN_64_TO_32_BIT_CONVERSION = YES;
				GCC_WARN_ABOUT_RETURN_TYPE = YES_ERROR;
				GCC_WARN_UNDECLARED_SELECTOR = YES;
				GCC_WARN_UNINITIALIZED_AUTOS = YES_AGGRESSIVE;
				GCC_WARN_UNUSED_FUNCTION = YES;
				GCC_WARN_UNUSED_VARIABLE = YES;
				IPHONEOS_DEPLOYMENT_TARGET = 26.2;
				LOCALIZATION_PREFERS_STRING_CATALOGS = YES;
				MTL_ENABLE_DEBUG_INFO = NO;
				MTL_FAST_MATH = YES;
				SDKROOT = iphoneos;
				SWIFT_COMPILATION_MODE = wholemodule;
				VALIDATE_PRODUCT = YES;
			};
			name = Release;
		};
		A34DD1382F5F104900172E56 /* Debug */ = {
			isa = XCBuildConfiguration;
			buildSettings = {
				ASSETCATALOG_COMPILER_APPICON_NAME = AppIcon;
				ASSETCATALOG_COMPILER_GLOBAL_ACCENT_COLOR_NAME = AccentColor;
				CODE_SIGN_ENTITLEMENTS = PrayerTimesMain/PrayerTimesMain.entitlements;
				CODE_SIGN_STYLE = Automatic;
				CURRENT_PROJECT_VERSION = 1;
				DEVELOPMENT_TEAM = QQAS9WV7AD;
				ENABLE_PREVIEWS = YES;
				GENERATE_INFOPLIST_FILE = YES;
				INFOPLIST_FILE = PrayerTimesMain/Info.plist;
				INFOPLIST_KEY_CFBundleDisplayName = "Authentic PT";
				INFOPLIST_KEY_NSLocationWhenInUseUsageDescription = "Der Standort wird benötigt, um die Gebetsrichtung zu bestimmen.";
				INFOPLIST_KEY_UIApplicationSceneManifest_Generation = YES;
				INFOPLIST_KEY_UIApplicationSupportsIndirectInputEvents = YES;
				INFOPLIST_KEY_UILaunchScreen_Generation = YES;
				INFOPLIST_KEY_UISupportedInterfaceOrientations_iPad = "UIInterfaceOrientationPortrait UIInterfaceOrientationPortraitUpsideDown UIInterfaceOrientationLandscapeLeft UIInterfaceOrientationLandscapeRight";
				INFOPLIST_KEY_UISupportedInterfaceOrientations_iPhone = "UIInterfaceOrientationPortrait UIInterfaceOrientationLandscapeLeft UIInterfaceOrientationLandscapeRight";
				LD_RUNPATH_SEARCH_PATHS = (
					"$(inherited)",
					"@executable_path/Frameworks",
				);
				MARKETING_VERSION = 1.0;
				PRODUCT_BUNDLE_IDENTIFIER = gdk.PrayerTimesMain;
				PRODUCT_NAME = "$(TARGET_NAME)";
				STRING_CATALOG_GENERATE_SYMBOLS = YES;
				SWIFT_APPROACHABLE_CONCURRENCY = YES;
				SWIFT_DEFAULT_ACTOR_ISOLATION = MainActor;
				SWIFT_EMIT_LOC_STRINGS = YES;
				SWIFT_UPCOMING_FEATURE_MEMBER_IMPORT_VISIBILITY = YES;
				SWIFT_VERSION = 5.0;
				TARGETED_DEVICE_FAMILY = "1,2";
			};
			name = Debug;
		};
		A34DD1392F5F104900172E56 /* Release */ = {
			isa = XCBuildConfiguration;
			buildSettings = {
				ASSETCATALOG_COMPILER_APPICON_NAME = AppIcon;
				ASSETCATALOG_COMPILER_GLOBAL_ACCENT_COLOR_NAME = AccentColor;
				CODE_SIGN_ENTITLEMENTS = PrayerTimesMain/PrayerTimesMain.entitlements;
				CODE_SIGN_STYLE = Automatic;
				CURRENT_PROJECT_VERSION = 1;
				DEVELOPMENT_TEAM = QQAS9WV7AD;
				ENABLE_PREVIEWS = YES;
				GENERATE_INFOPLIST_FILE = YES;
				INFOPLIST_FILE = PrayerTimesMain/Info.plist;
				INFOPLIST_KEY_CFBundleDisplayName = "Authentic PT";
				INFOPLIST_KEY_NSLocationWhenInUseUsageDescription = "Der Standort wird benötigt, um die Gebetsrichtung zu bestimmen.";
				INFOPLIST_KEY_UIApplicationSceneManifest_Generation = YES;
				INFOPLIST_KEY_UIApplicationSupportsIndirectInputEvents = YES;
				INFOPLIST_KEY_UILaunchScreen_Generation = YES;
				INFOPLIST_KEY_UISupportedInterfaceOrientations_iPad = "UIInterfaceOrientationPortrait UIInterfaceOrientationPortraitUpsideDown UIInterfaceOrientationLandscapeLeft UIInterfaceOrientationLandscapeRight";
				INFOPLIST_KEY_UISupportedInterfaceOrientations_iPhone = "UIInterfaceOrientationPortrait UIInterfaceOrientationLandscapeLeft UIInterfaceOrientationLandscapeRight";
				LD_RUNPATH_SEARCH_PATHS = (
					"$(inherited)",
					"@executable_path/Frameworks",
				);
				MARKETING_VERSION = 1.0;
				PRODUCT_BUNDLE_IDENTIFIER = gdk.PrayerTimesMain;
				PRODUCT_NAME = "$(TARGET_NAME)";
				STRING_CATALOG_GENERATE_SYMBOLS = YES;
				SWIFT_APPROACHABLE_CONCURRENCY = YES;
				SWIFT_DEFAULT_ACTOR_ISOLATION = MainActor;
				SWIFT_EMIT_LOC_STRINGS = YES;
				SWIFT_UPCOMING_FEATURE_MEMBER_IMPORT_VISIBILITY = YES;
				SWIFT_VERSION = 5.0;
				TARGETED_DEVICE_FAMILY = "1,2";
			};
			name = Release;
		};
		A3700E342F61A94A004CB90A /* Debug */ = {
			isa = XCBuildConfiguration;
			buildSettings = {
				ASSETCATALOG_COMPILER_GLOBAL_ACCENT_COLOR_NAME = AccentColor;
				ASSETCATALOG_COMPILER_WIDGET_BACKGROUND_COLOR_NAME = WidgetBackground;
				CODE_SIGN_ENTITLEMENTS = PrayerTimesWidgetExtension.entitlements;
				CODE_SIGN_STYLE = Automatic;
				CURRENT_PROJECT_VERSION = 1;
				DEVELOPMENT_TEAM = QQAS9WV7AD;
				GENERATE_INFOPLIST_FILE = YES;
				INFOPLIST_FILE = PrayerTimesWidget/Info.plist;
				INFOPLIST_KEY_NSHumanReadableCopyright = "";
				LD_RUNPATH_SEARCH_PATHS = (
					"$(inherited)",
					"@executable_path/Frameworks",
					"@executable_path/../../Frameworks",
				);
				MARKETING_VERSION = 1.0;
				PRODUCT_BUNDLE_IDENTIFIER = gdk.PrayerTimesMain.PrayerTimesWidget;
				PRODUCT_NAME = "$(TARGET_NAME)";
				SKIP_INSTALL = YES;
				STRING_CATALOG_GENERATE_SYMBOLS = YES;
				SWIFT_APPROACHABLE_CONCURRENCY = YES;
				SWIFT_EMIT_LOC_STRINGS = YES;
				SWIFT_UPCOMING_FEATURE_MEMBER_IMPORT_VISIBILITY = YES;
				SWIFT_VERSION = 5.0;
				TARGETED_DEVICE_FAMILY = "1,2";
			};
			name = Debug;
		};
		A3700E352F61A94A004CB90A /* Release */ = {
			isa = XCBuildConfiguration;
			buildSettings = {
				ASSETCATALOG_COMPILER_GLOBAL_ACCENT_COLOR_NAME = AccentColor;
				ASSETCATALOG_COMPILER_WIDGET_BACKGROUND_COLOR_NAME = WidgetBackground;
				CODE_SIGN_ENTITLEMENTS = PrayerTimesWidgetExtension.entitlements;
				CODE_SIGN_STYLE = Automatic;
				CURRENT_PROJECT_VERSION = 1;
				DEVELOPMENT_TEAM = QQAS9WV7AD;
				GENERATE_INFOPLIST_FILE = YES;
				INFOPLIST_FILE = PrayerTimesWidget/Info.plist;
				INFOPLIST_KEY_NSHumanReadableCopyright = "";
				LD_RUNPATH_SEARCH_PATHS = (
					"$(inherited)",
					"@executable_path/Frameworks",
					"@executable_path/../../Frameworks",
				);
				MARKETING_VERSION = 1.0;
				PRODUCT_BUNDLE_IDENTIFIER = gdk.PrayerTimesMain.PrayerTimesWidget;
				PRODUCT_NAME = "$(TARGET_NAME)";
				SKIP_INSTALL = YES;
				STRING_CATALOG_GENERATE_SYMBOLS = YES;
				SWIFT_APPROACHABLE_CONCURRENCY = YES;
				SWIFT_EMIT_LOC_STRINGS = YES;
				SWIFT_UPCOMING_FEATURE_MEMBER_IMPORT_VISIBILITY = YES;
				SWIFT_VERSION = 5.0;
				TARGETED_DEVICE_FAMILY = "1,2";
			};
			name = Release;
		};
/* End XCBuildConfiguration section */

/* Begin XCConfigurationList section */
		A34DD1272F5F104800172E56 /* Build configuration list for PBXProject "PrayerTimes" */ = {
			isa = XCConfigurationList;
			buildConfigurations = (
				A34DD1352F5F104900172E56 /* Debug */,
				A34DD1362F5F104900172E56 /* Release */,
			);
			defaultConfigurationIsVisible = 0;
			defaultConfigurationName = Release;
		};
		A34DD1372F5F104900172E56 /* Build configuration list for PBXNativeTarget "PrayerTimesMain" */ = {
			isa = XCConfigurationList;
			buildConfigurations = (
				A34DD1382F5F104900172E56 /* Debug */,
				A34DD1392F5F104900172E56 /* Release */,
			);
			defaultConfigurationIsVisible = 0;
			defaultConfigurationName = Release;
		};
		A3700E332F61A94A004CB90A /* Build configuration list for PBXNativeTarget "PrayerTimesWidgetExtension" */ = {
			isa = XCConfigurationList;
			buildConfigurations = (
				A3700E342F61A94A004CB90A /* Debug */,
				A3700E352F61A94A004CB90A /* Release */,
			);
			defaultConfigurationIsVisible = 0;
			defaultConfigurationName = Release;
		};
/* End XCConfigurationList section */
	};
	rootObject = A34DD1242F5F104800172E56 /* Project object */;
}
